
Microsoft Visual Studio Solution File, Format Version 12.00
# Visual Studio Version 17
VisualStudioVersion = 17.0.32112.339
MinimumVisualStudioVersion = 10.0.40219.1
Project("{FAE04EC0-301F-11D3-BF4B-00C04F79EFBC}") = "theHelper", "theHelper\theHelper.csproj", "{6751A68A-0B0E-45D2-B889-521ABB15CC4D}"
EndProject
Global
	GlobalSection(SolutionConfigurationPlatforms) = preSolution
		Debug|Any CPU = Debug|Any CPU
		Release|Any CPU = Release|Any CPU
	EndGlobalSection
	GlobalSection(ProjectConfigurationPlatforms) = postSolution
		{6751A68A-0B0E-45D2-B889-521ABB15CC4D}.Debug|Any CPU.ActiveCfg = Debug|Any CPU
		{6751A68A-0B0E-45D2-B889-521ABB15CC4D}.Debug|Any CPU.Build.0 = Debug|Any CPU
		{6751A68A-0B0E-45D2-B889-521ABB15CC4D}.Release|Any CPU.ActiveCfg = Release|Any CPU
		{6751A68A-0B0E-45D2-B889-521ABB15CC4D}.Release|Any CPU.Build.0 = Release|Any CPU
	EndGlobalSection
	GlobalSection(SolutionProperties) = preSolution
		HideSolutionNode = FALSE
	EndGlobalSection
	GlobalSection(ExtensibilityGlobals) = postSolution
		SolutionGuid = {3D9D4518-000A-4BC7-842C-096CBB6B6A5F}
	EndGlobalSection
EndGlobal
